<?xml version="1.0" encoding="utf-8"?>
<Project ToolsVersion="4.0" xmlns="http://schemas.microsoft.com/developer/msbuild/2003">
  <ItemGroup>
    <Filter Include="Source Files">
      <UniqueIdentifier>{4FC737F1-C7A5-4376-A066-2A32D752A2FF}</UniqueIdentifier>
      <Extensions>cpp;c;cc;cxx;def;odl;idl;hpj;bat;asm;asmx</Extensions>
    </Filter>
    <Filter Include="Header Files">
      <UniqueIdentifier>{93995380-89BD-4b04-88EB-625FBE52EBFB}</UniqueIdentifier>
      <Extensions>h;hh;hpp;hxx;hm;inl;inc;xsd</Extensions>
    </Filter>
    <Filter Include="Resource Files">
      <UniqueIdentifier>{67DA6AB6-F800-4c08-8B7A-83BB121AAD01}</UniqueIdentifier>
      <Extensions>rc;ico;cur;bmp;dlg;rc2;rct;bin;rgs;gif;jpg;jpeg;jpe;resx;tiff;tif;png;wav</Extensions>
    </Filter>
  </ItemGroup>
  <ItemGroup>
    <ClCompile Include="main\caviplay.cpp">
      <Filter>Source Files</Filter>
    </ClCompile>
    <ClCompile Include="main\cbattle.cpp">
      <Filter>Source Files</Filter>
    </ClCompile>
    <ClCompile Include="main\cbattlebase.cpp">
      <Filter>Source Files</Filter>
    </ClCompile>
    <ClCompile Include="main\CConfig.cpp">
      <Filter>Source Files</Filter>
    </ClCompile>
    <ClCompile Include="main\cenemy.cpp">
      <Filter>Source Files</Filter>
    </ClCompile>
    <ClCompile Include="main\cfight.cpp">
      <Filter>Source Files</Filter>
    </ClCompile>
    <ClCompile Include="main\cgameui.cpp">
      <Filter>Source Files</Filter>
    </ClCompile>
    <ClCompile Include="main\cmap.cpp">
      <Filter>Source Files</Filter>
    </ClCompile>
    <ClCompile Include="main\cmenu.cpp">
      <Filter>Source Files</Filter>
    </ClCompile>
    <ClCompile Include="main\Convers.cpp">
      <Filter>Source Files</Filter>
    </ClCompile>
    <ClCompile Include="main\cpalbase.cpp">
      <Filter>Source Files</Filter>
    </ClCompile>
    <ClCompile Include="main\cpalbaseio.cpp">
      <Filter>Source Files</Filter>
    </ClCompile>
    <ClCompile Include="main\cpalevent.cpp">
      <Filter>Source Files</Filter>
    </ClCompile>
    <ClCompile Include="main\cpaleventhandler.cpp">
      <Filter>Source Files</Filter>
    </ClCompile>
    <ClCompile Include="main\CPalMain.cpp">
      <Filter>Source Files</Filter>
    </ClCompile>
    <ClCompile Include="main\cpalui.cpp">
      <Filter>Source Files</Filter>
    </ClCompile>
    <ClCompile Include="main\cplayer.cpp">
      <Filter>Source Files</Filter>
    </ClCompile>
    <ClCompile Include="main\cres.cpp">
      <Filter>Source Files</Filter>
    </ClCompile>
    <ClCompile Include="main\cscene.cpp">
      <Filter>Source Files</Filter>
    </ClCompile>
    <ClCompile Include="main\cscreen.cpp">
      <Filter>Source Files</Filter>
    </ClCompile>
    <ClCompile Include="main\cscript.cpp">
      <Filter>Source Files</Filter>
    </ClCompile>
    <ClCompile Include="main\cuibattle.cpp">
      <Filter>Source Files</Filter>
    </ClCompile>
    <ClCompile Include="main\pal1.cpp">
      <Filter>Source Files</Filter>
    </ClCompile>
    <ClCompile Include="main\yj_compress.cpp">
      <Filter>Source Files</Filter>
    </ClCompile>
    <ClCompile Include="main\cpaldata.cpp">
      <Filter>Source Files</Filter>
    </ClCompile>
    <ClCompile Include="palmain\main.cpp">
      <Filter>Source Files</Filter>
    </ClCompile>
    <ClCompile Include="main\paltexture.cpp">
      <Filter>Source Files</Filter>
    </ClCompile>
    <ClCompile Include="sound\adplug\binfile.cpp">
      <Filter>Source Files</Filter>
    </ClCompile>
    <ClCompile Include="sound\adplug\binio.cpp">
      <Filter>Source Files</Filter>
    </ClCompile>
    <ClCompile Include="sound\adplug\dosbox_opls.cpp">
      <Filter>Source Files</Filter>
    </ClCompile>
    <ClCompile Include="sound\adplug\emuopls.cpp">
      <Filter>Source Files</Filter>
    </ClCompile>
    <ClCompile Include="sound\adplug\fprovide.cpp">
      <Filter>Source Files</Filter>
    </ClCompile>
    <ClCompile Include="sound\adplug\mame_opls.cpp">
      <Filter>Source Files</Filter>
    </ClCompile>
    <ClCompile Include="sound\adplug\nuked_opl.c">
      <Filter>Source Files</Filter>
    </ClCompile>
    <ClCompile Include="sound\adplug\player.cpp">
      <Filter>Source Files</Filter>
    </ClCompile>
    <ClCompile Include="sound\adplug\rix.cpp">
      <Filter>Source Files</Filter>
    </ClCompile>
    <ClCompile Include="sound\adplug\surroundopl.cpp">
      <Filter>Source Files</Filter>
    </ClCompile>
    <ClCompile Include="sound\caudiodevice.cpp">
      <Filter>Source Files</Filter>
    </ClCompile>
    <ClCompile Include="sound\caudiorixplayer.cpp">
      <Filter>Source Files</Filter>
    </ClCompile>
    <ClCompile Include="sound\cmp3player.cpp">
      <Filter>Source Files</Filter>
    </ClCompile>
    <ClCompile Include="sound\coggplayer.cpp">
      <Filter>Source Files</Filter>
    </ClCompile>
    <ClCompile Include="sound\csound.cpp">
      <Filter>Source Files</Filter>
    </ClCompile>
    <ClCompile Include="sound\libmad\bit.c">
      <Filter>Source Files</Filter>
    </ClCompile>
    <ClCompile Include="sound\libmad\decoder.c">
      <Filter>Source Files</Filter>
    </ClCompile>
    <ClCompile Include="sound\libmad\fixed.c">
      <Filter>Source Files</Filter>
    </ClCompile>
    <ClCompile Include="sound\libmad\frame.c">
      <Filter>Source Files</Filter>
    </ClCompile>
    <ClCompile Include="sound\libmad\huffman.c">
      <Filter>Source Files</Filter>
    </ClCompile>
    <ClCompile Include="sound\libmad\layer12.c">
      <Filter>Source Files</Filter>
    </ClCompile>
    <ClCompile Include="sound\libmad\layer3.c">
      <Filter>Source Files</Filter>
    </ClCompile>
    <ClCompile Include="sound\libmad\music_mad.c">
      <Filter>Source Files</Filter>
    </ClCompile>
    <ClCompile Include="sound\libmad\resampler.c">
      <Filter>Source Files</Filter>
    </ClCompile>
    <ClCompile Include="sound\libmad\stream.c">
      <Filter>Source Files</Filter>
    </ClCompile>
    <ClCompile Include="sound\libmad\synth.c">
      <Filter>Source Files</Filter>
    </ClCompile>
    <ClCompile Include="sound\libmad\timer.c">
      <Filter>Source Files</Filter>
    </ClCompile>
    <ClCompile Include="sound\midiplayer.cpp">
      <Filter>Source Files</Filter>
    </ClCompile>
    <ClCompile Include="sound\native_midi\native_midi.cpp">
      <Filter>Source Files</Filter>
    </ClCompile>
    <ClCompile Include="sound\native_midi\native_midi_common.c">
      <Filter>Source Files</Filter>
    </ClCompile>
    <ClCompile Include="sound\soundplayer.cpp">
      <Filter>Source Files</Filter>
    </ClCompile>
    <ClCompile Include="main\palsurface.cpp">
      <Filter>Source Files</Filter>
    </ClCompile>
  </ItemGroup>
  <ItemGroup>
    <ClInclude Include="main\csdlscreen.h">
      <Filter>Header Files</Filter>
    </ClInclude>
    <ClInclude Include="main\csound.h">
      <Filter>Header Files</Filter>
    </ClInclude>
    <ClInclude Include="main\pal_surface.h">
      <Filter>Header Files</Filter>
    </ClInclude>
    <ClInclude Include="sound\caudioplayer.h">
      <Filter>Header Files</Filter>
    </ClInclude>
    <ClInclude Include="main\caviplay.h">
      <Filter>Header Files</Filter>
    </ClInclude>
    <ClInclude Include="main\cbattle.h">
      <Filter>Header Files</Filter>
    </ClInclude>
    <ClInclude Include="main\cbattlebase.h">
      <Filter>Header Files</Filter>
    </ClInclude>
    <ClInclude Include="main\CConfig.h">
      <Filter>Header Files</Filter>
    </ClInclude>
    <ClInclude Include="main\cenemy.h">
      <Filter>Header Files</Filter>
    </ClInclude>
    <ClInclude Include="main\cfight.h">
      <Filter>Header Files</Filter>
    </ClInclude>
    <ClInclude Include="main\cgameui.h">
      <Filter>Header Files</Filter>
    </ClInclude>
    <ClInclude Include="main\cgl_render.h">
      <Filter>Header Files</Filter>
    </ClInclude>
    <ClInclude Include="main\cgl_texture.h">
      <Filter>Header Files</Filter>
    </ClInclude>
    <ClInclude Include="main\command.h">
      <Filter>Header Files</Filter>
    </ClInclude>
    <ClInclude Include="main\Convers.h">
      <Filter>Header Files</Filter>
    </ClInclude>
    <ClInclude Include="main\cpalbase.h">
      <Filter>Header Files</Filter>
    </ClInclude>
    <ClInclude Include="main\cpalbaseio.h">
      <Filter>Header Files</Filter>
    </ClInclude>
    <ClInclude Include="main\cpalevent.h">
      <Filter>Header Files</Filter>
    </ClInclude>
    <ClInclude Include="main\cpaleventhandler.h">
      <Filter>Header Files</Filter>
    </ClInclude>
    <ClInclude Include="main\CPalMain.h">
      <Filter>Header Files</Filter>
    </ClInclude>
    <ClInclude Include="main\cpalui.h">
      <Filter>Header Files</Filter>
    </ClInclude>
    <ClInclude Include="main\cscene.h">
      <Filter>Header Files</Filter>
    </ClInclude>
    <ClInclude Include="main\cscreen.h">
      <Filter>Header Files</Filter>
    </ClInclude>
    <ClInclude Include="main\cscript.h">
      <Filter>Header Files</Filter>
    </ClInclude>
    <ClInclude Include="main\cuibattle.h">
      <Filter>Header Files</Filter>
    </ClInclude>
    <ClInclude Include="main\pal_color.h">
      <Filter>Header Files</Filter>
    </ClInclude>
    <ClInclude Include="main\palerror.h">
      <Filter>Header Files</Filter>
    </ClInclude>
    <ClInclude Include="main\palgpgl.h">
      <Filter>Header Files</Filter>
    </ClInclude>
    <ClInclude Include="main\palsurface.h">
      <Filter>Header Files</Filter>
    </ClInclude>
    <ClInclude Include="main\paltexture.h">
      <Filter>Header Files</Filter>
    </ClInclude>
    <ClInclude Include="sound\cpalrixpler.h">
      <Filter>Header Files</Filter>
    </ClInclude>
    <ClInclude Include="sound\cpalmidiplayer.h">
      <Filter>Header Files</Filter>
    </ClInclude>
    <ClInclude Include="sound\cpalmp3player.h">
      <Filter>Header Files</Filter>
    </ClInclude>
    <ClInclude Include="sound\cpalsound.h">
      <Filter>Header Files</Filter>
    </ClInclude>
    <ClInclude Include="main\cpaldata.h">
      <Filter>Header Files</Filter>
    </ClInclude>
    <ClInclude Include="s\cmainframe.h">
      <Filter>Header Files</Filter>
    </ClInclude>
    <ClInclude Include="main\sdl2_compat.h">
      <Filter>Header Files</Filter>
    </ClInclude>
    <ClInclude Include="sound\oggplay.h">
      <Filter>Header Files</Filter>
    </ClInclude>
    <ClInclude Include="sound\soundplay.h">
      <Filter>Header Files</Filter>
    </ClInclude>
    <ClInclude Include="sound\adplug\binfile.h">
      <Filter>Header Files</Filter>
    </ClInclude>
    <ClInclude Include="sound\adplug\binio.h">
      <Filter>Header Files</Filter>
    </ClInclude>
    <ClInclude Include="sound\adplug\convertopl.h">
      <Filter>Header Files</Filter>
    </ClInclude>
    <ClInclude Include="sound\adplug\dosbox\dbopl.cpp.h">
      <Filter>Header Files</Filter>
    </ClInclude>
    <ClInclude Include="sound\adplug\dosbox\dbopl.h">
      <Filter>Header Files</Filter>
    </ClInclude>
    <ClInclude Include="sound\adplug\dosbox\dosbox.h">
      <Filter>Header Files</Filter>
    </ClInclude>
    <ClInclude Include="sound\adplug\dosbox\opl.cpp.h">
      <Filter>Header Files</Filter>
    </ClInclude>
    <ClInclude Include="sound\adplug\dosbox\opl.h">
      <Filter>Header Files</Filter>
    </ClInclude>
    <ClInclude Include="sound\adplug\dosbox_opls.h">
      <Filter>Header Files</Filter>
    </ClInclude>
    <ClInclude Include="sound\adplug\emuopls.h">
      <Filter>Header Files</Filter>
    </ClInclude>
    <ClInclude Include="sound\adplug\fprovide.h">
      <Filter>Header Files</Filter>
    </ClInclude>
    <ClInclude Include="sound\adplug\mame\fmopl.cpp.h">
      <Filter>Header Files</Filter>
    </ClInclude>
    <ClInclude Include="sound\adplug\mame\fmopl.h">
      <Filter>Header Files</Filter>
    </ClInclude>
    <ClInclude Include="sound\adplug\mame\mame.h">
      <Filter>Header Files</Filter>
    </ClInclude>
    <ClInclude Include="sound\adplug\mame\ymf262.cpp.h">
      <Filter>Header Files</Filter>
    </ClInclude>
    <ClInclude Include="sound\adplug\mame\ymf262.h">
      <Filter>Header Files</Filter>
    </ClInclude>
    <ClInclude Include="sound\adplug\mame_opls.h">
      <Filter>Header Files</Filter>
    </ClInclude>
    <ClInclude Include="sound\adplug\nuked\opl3.c.h">
      <Filter>Header Files</Filter>
    </ClInclude>
    <ClInclude Include="sound\adplug\nuked\opl3.h">
      <Filter>Header Files</Filter>
    </ClInclude>
    <ClInclude Include="sound\adplug\nuked_opl.h">
      <Filter>Header Files</Filter>
    </ClInclude>
    <ClInclude Include="sound\adplug\opl.h">
      <Filter>Header Files</Filter>
    </ClInclude>
    <ClInclude Include="sound\adplug\opltypes.h">
      <Filter>Header Files</Filter>
    </ClInclude>
    <ClInclude Include="sound\adplug\player.h">
      <Filter>Header Files</Filter>
    </ClInclude>
    <ClInclude Include="sound\adplug\rix.h">
      <Filter>Header Files</Filter>
    </ClInclude>
    <ClInclude Include="sound\adplug\surroundopl.h">
      <Filter>Header Files</Filter>
    </ClInclude>
    <ClInclude Include="sound\caudiodevice.h">
      <Filter>Header Files</Filter>
    </ClInclude>
    <ClInclude Include="sound\csound.h">
      <Filter>Header Files</Filter>
    </ClInclude>
    <ClInclude Include="sound\libmad\bit.h">
      <Filter>Header Files</Filter>
    </ClInclude>
    <ClInclude Include="sound\libmad\decoder.h">
      <Filter>Header Files</Filter>
    </ClInclude>
    <ClInclude Include="sound\libmad\fixed.h">
      <Filter>Header Files</Filter>
    </ClInclude>
    <ClInclude Include="sound\libmad\frame.h">
      <Filter>Header Files</Filter>
    </ClInclude>
    <ClInclude Include="sound\libmad\huffman.h">
      <Filter>Header Files</Filter>
    </ClInclude>
    <ClInclude Include="sound\libmad\layer12.h">
      <Filter>Header Files</Filter>
    </ClInclude>
    <ClInclude Include="sound\libmad\layer3.h">
      <Filter>Header Files</Filter>
    </ClInclude>
    <ClInclude Include="sound\libmad\libmad_config.h">
      <Filter>Header Files</Filter>
    </ClInclude>
    <ClInclude Include="sound\libmad\libmad_global.h">
      <Filter>Header Files</Filter>
    </ClInclude>
    <ClInclude Include="sound\libmad\mad.h">
      <Filter>Header Files</Filter>
    </ClInclude>
    <ClInclude Include="sound\libmad\music_mad.h">
      <Filter>Header Files</Filter>
    </ClInclude>
    <ClInclude Include="sound\libmad\resampler.h">
      <Filter>Header Files</Filter>
    </ClInclude>
    <ClInclude Include="sound\libmad\stream.h">
      <Filter>Header Files</Filter>
    </ClInclude>
    <ClInclude Include="sound\libmad\synth.h">
      <Filter>Header Files</Filter>
    </ClInclude>
    <ClInclude Include="sound\libmad\timer.h">
      <Filter>Header Files</Filter>
    </ClInclude>
    <ClInclude Include="sound\native_midi\native_midi.h">
      <Filter>Header Files</Filter>
    </ClInclude>
    <ClInclude Include="sound\native_midi\native_midi_common.h">
      <Filter>Header Files</Filter>
    </ClInclude>
    <ClInclude Include="sound\oggplayer.h">
      <Filter>Header Files</Filter>
    </ClInclude>
    <ClInclude Include="sound\soundplayer.h">
      <Filter>Header Files</Filter>
    </ClInclude>
    <ClInclude Include="sound\soundseting.h">
      <Filter>Header Files</Filter>
    </ClInclude>
  </ItemGroup>
  <ItemGroup>
    <ResourceCompile Include="main\res\s.rc">
      <Filter>Resource Files</Filter>
    </ResourceCompile>
  </ItemGroup>
</Project>